// !$*UTF8*$!
{
	archiveVersion = 1;
	classes = {
	};
	objectVersion = 50;
	objects = {

/* Begin PBXBuildFile section */
		A14C744523B28268004060EC /* AppDelegate.swift in Sources */ = {isa = PBXBuildFile; fileRef = A14C744423B28268004060EC /* AppDelegate.swift */; };
		A14C744723B28268004060EC /* SceneDelegate.swift in Sources */ = {isa = PBXBuildFile; fileRef = A14C744623B28268004060EC /* SceneDelegate.swift */; };
		A14C744923B28268004060EC /* ViewController.swift in Sources */ = {isa = PBXBuildFile; fileRef = A14C744823B28268004060EC /* ViewController.swift */; };
		A14C744C23B28268004060EC /* Main.storyboard in Resources */ = {isa = PBXBuildFile; fileRef = A14C744A23B28268004060EC /* Main.storyboard */; };
		A14C744E23B2826B004060EC /* Assets.xcassets in Resources */ = {isa = PBXBuildFile; fileRef = A14C744D23B2826B004060EC /* Assets.xcassets */; };
		A14C745123B2826B004060EC /* LaunchScreen.storyboard in Resources */ = {isa = PBXBuildFile; fileRef = A14C744F23B2826B004060EC /* LaunchScreen.storyboard */; };
		A14C745923B285B9004060EC /* DrawingImageView.swift in Sources */ = {isa = PBXBuildFile; fileRef = A14C745823B285B9004060EC /* DrawingImageView.swift */; };
		A14C748223B663BF004060EC /* Question.swift in Sources */ = {isa = PBXBuildFile; fileRef = A14C748123B663BF004060EC /* Question.swift */; };
		A14C748423B66745004060EC /* Digits.mlmodel in Sources */ = {isa = PBXBuildFile; fileRef = A14C748323B66745004060EC /* Digits.mlmodel */; };
/* End PBXBuildFile section */

/* Begin PBXFileReference section */
		A14C744123B28268004060EC /* Brain Training.app */ = {isa = PBXFileReference; explicitFileType = wrapper.application; includeInIndex = 0; path = "Brain Training.app"; sourceTree = BUILT_PRODUCTS_DIR; };
		A14C744423B28268004060EC /* AppDelegate.swift */ = {isa = PBXFileReference; lastKnownFileType = sourcecode.swift; path = AppDelegate.swift; sourceTree = "<group>"; };
		A14C744623B28268004060EC /* SceneDelegate.swift */ = {isa = PBXFileReference; lastKnownFileType = sourcecode.swift; path = SceneDelegate.swift; sourceTree = "<group>"; };
		A14C744823B28268004060EC /* ViewController.swift */ = {isa = PBXFileReference; lastKnownFileType = sourcecode.swift; path = ViewController.swift; sourceTree = "<group>"; };
		A14C744B23B28268004060EC /* Base */ = {isa = PBXFileReference; lastKnownFileType = file.storyboard; name = Base; path = Base.lproj/Main.storyboard; sourceTree = "<group>"; };
		A14C744D23B2826B004060EC /* Assets.xcassets */ = {isa = PBXFileReference; lastKnownFileType = folder.assetcatalog; path = Assets.xcassets; sourceTree = "<group>"; };
		A14C745023B2826B004060EC /* Base */ = {isa = PBXFileReference; lastKnownFileType = file.storyboard; name = Base; path = Base.lproj/LaunchScreen.storyboard; sourceTree = "<group>"; };
		A14C745223B2826B004060EC /* Info.plist */ = {isa = PBXFileReference; lastKnownFileType = text.plist.xml; path = Info.plist; sourceTree = "<group>"; };
		A14C745823B285B9004060EC /* DrawingImageView.swift */ = {isa = PBXFileReference; lastKnownFileType = sourcecode.swift; path = DrawingImageView.swift; sourceTree = "<group>"; };
		A14C748123B663BF004060EC /* Question.swift */ = {isa = PBXFileReference; lastKnownFileType = sourcecode.swift; path = Question.swift; sourceTree = "<group>"; };
		A14C748323B66745004060EC /* Digits.mlmodel */ = {isa = PBXFileReference; lastKnownFileType = file.mlmodel; name = Digits.mlmodel; path = ../../mnist/Digits.mlproj/Models/Digits.mlmodel; sourceTree = "<group>"; };
/* End PBXFileReference section */

/* Begin PBXFrameworksBuildPhase section */
		A14C743E23B28268004060EC /* Frameworks */ = {
			isa = PBXFrameworksBuildPhase;
			buildActionMask = 2147483647;
			files = (
			);
			runOnlyForDeploymentPostprocessing = 0;
		};
/* End PBXFrameworksBuildPhase section */

/* Begin PBXGroup section */
		A14C743823B28268004060EC = {
			isa = PBXGroup;
			children = (
				A14C744323B28268004060EC /* Brain Training */,
				A14C744223B28268004060EC /* Products */,
			);
			sourceTree = "<group>";
		};
		A14C744223B28268004060EC /* Products */ = {
			isa = PBXGroup;
			children = (
				A14C744123B28268004060EC /* Brain Training.app */,
			);
			name = Products;
			sourceTree = "<group>";
		};
		A14C744323B28268004060EC /* Brain Training */ = {
			isa = PBXGroup;
			children = (
				A14C744423B28268004060EC /* AppDelegate.swift */,
				A14C744623B28268004060EC /* SceneDelegate.swift */,
				A14C744823B28268004060EC /* ViewController.swift */,
				A14C744A23B28268004060EC /* Main.storyboard */,
				A14C745823B285B9004060EC /* DrawingImageView.swift */,
				A14C744D23B2826B004060EC /* Assets.xcassets */,
				A14C744F23B2826B004060EC /* LaunchScreen.storyboard */,
				A14C745223B2826B004060EC /* Info.plist */,
				A14C748123B663BF004060EC /* Question.swift */,
				A14C748323B66745004060EC /* Digits.mlmodel */,
			);
			path = "Brain Training";
			sourceTree = "<group>";
		};
/* End PBXGroup section */

/* Begin PBXNativeTarget section */
		A14C744023B28268004060EC /* Brain Training */ = {
			isa = PBXNativeTarget;
			buildConfigurationList = A14C745523B2826B004060EC /* Build configuration list for PBXNativeTarget "Brain Training" */;
			buildPhases = (
				A14C743D23B28268004060EC /* Sources */,
				A14C743E23B28268004060EC /* Frameworks */,
				A14C743F23B28268004060EC /* Resources */,
			);
			buildRules = (
			);
			dependencies = (
			);
			name = "Brain Training";
			productName = "Brain Training";
			productReference = A14C744123B28268004060EC /* Brain Training.app */;
			productType = "com.apple.product-type.application";
		};
/* End PBXNativeTarget section */

/* Begin PBXProject section */
		A14C743923B28268004060EC /* Project object */ = {
			isa = PBXProject;
			attributes = {
				LastSwiftUpdateCheck = 1130;
				LastUpgradeCheck = 1130;
				ORGANIZATIONNAME = "Andy Gray";
				TargetAttributes = {
					A14C744023B28268004060EC = {
						CreatedOnToolsVersion = 11.3;
					};
				};
			};
			buildConfigurationList = A14C743C23B28268004060EC /* Build configuration list for PBXProject "Brain Training" */;
			compatibilityVersion = "Xcode 9.3";
			developmentRegion = en;
			hasScannedForEncodings = 0;
			knownRegions = (
				en,
				Base,
			);
			mainGroup = A14C743823B28268004060EC;
			productRefGroup = A14C744223B28268004060EC /* Products */;
			projectDirPath = "";
			projectRoot = "";
			targets = (
				A14C744023B28268004060EC /* Brain Training */,
			);
		};
/* End PBXProject section */

/* Begin PBXResourcesBuildPhase section */
		A14C743F23B28268004060EC /* Resources */ = {
			isa = PBXResourcesBuildPhase;
			buildActionMask = 2147483647;
			files = (
				A14C745123B2826B004060EC /* LaunchScreen.storyboard in Resources */,
				A14C744E23B2826B004060EC /* Assets.xcassets in Resources */,
				A14C744C23B28268004060EC /* Main.storyboard in Resources */,
			);
			runOnlyForDeploymentPostprocessing = 0;
		};
/* End PBXResourcesBuildPhase section */

/* Begin PBXSourcesBuildPhase section */
		A14C743D23B28268004060EC /* Sources */ = {
			isa = PBXSourcesBuildPhase;
			buildActionMask = 2147483647;
			files = (
				A14C748223B663BF004060EC /* Question.swift in Sources */,
				A14C748423B66745004060EC /* Digits.mlmodel in Sources */,
				A14C744923B28268004060EC /* ViewController.swift in Sources */,
				A14C744523B28268004060EC /* AppDelegate.swift in Sources */,
				A14C744723B28268004060EC /* SceneDelegate.swift in Sources */,
				A14C745923B285B9004060EC /* DrawingImageView.swift in Sources */,
			);
			runOnlyForDeploymentPostprocessing = 0;
		};
/* End PBXSourcesBuildPhase section */

/* Begin PBXVariantGroup section */
		A14C744A23B28268004060EC /* Main.storyboard */ = {
			isa = PBXVariantGroup;
			children = (
				A14C744B23B28268004060EC /* Base */,
			);
			name = Main.storyboard;
			sourceTree = "<group>";
		};
		A14C744F23B2826B004060EC /* LaunchScreen.storyboard */ = {
			isa = PBXVariantGroup;
			children = (
				A14C745023B2826B004060EC /* Base */,
			);
			name = LaunchScreen.storyboard;
			sourceTree = "<group>";
		};
/* End PBXVariantGroup section */

/* Begin XCBuildConfiguration section */
		A14C745323B2826B004060EC /* Debug */ = {
			isa = XCBuildConfiguration;
			buildSettings = {
				ALWAYS_SEARCH_USER_PATHS = NO;
				CLANG_ANALYZER_NONNULL = YES;
				CLANG_ANALYZER_NUMBER_OBJECT_CONVERSION = YES_AGGRESSIVE;
				CLANG_CXX_LANGUAGE_STANDARD = "gnu++14";
				CLANG_CXX_LIBRARY = "libc++";
				CLANG_ENABLE_MODULES = YES;
				CLANG_ENABLE_OBJC_ARC = YES;
				CLANG_ENABLE_OBJC_WEAK = YES;
				CLANG_WARN_BLOCK_CAPTURE_AUTORELEASING = YES;
				CLANG_WARN_BOOL_CONVERSION = YES;
				CLANG_WARN_COMMA = YES;
				CLANG_WARN_CONSTANT_CONVERSION = YES;
				CLANG_WARN_DEPRECATED_OBJC_IMPLEMENTATIONS = YES;
				CLANG_WARN_DIRECT_OBJC_ISA_USAGE = YES_ERROR;
				CLANG_WARN_DOCUMENTATION_COMMENTS = YES;
				CLANG_WARN_EMPTY_BODY = YES;
				CLANG_WARN_ENUM_CONVERSION = YES;
				CLANG_WARN_INFINITE_RECURSION = YES;
				CLANG_WARN_INT_CONVERSION = YES;
				CLANG_WARN_NON_LITERAL_NULL_CONVERSION = YES;
				CLANG_WARN_OBJC_IMPLICIT_RETAIN_SELF = YES;
				CLANG_WARN_OBJC_LITERAL_CONVERSION = YES;
				CLANG_WARN_OBJC_ROOT_CLASS = YES_ERROR;
				CLANG_WARN_RANGE_LOOP_ANALYSIS = YES;
				CLANG_WARN_STRICT_PROTOTYPES = YES;
				CLANG_WARN_SUSPICIOUS_MOVE = YES;
				CLANG_WARN_UNGUARDED_AVAILABILITY = YES_AGGRESSIVE;
				CLANG_WARN_UNREACHABLE_CODE = YES;
				CLANG_WARN__DUPLICATE_METHOD_MATCH = YES;
				COPY_PHASE_STRIP = NO;
				DEBUG_INFORMATION_FORMAT = dwarf;
				ENABLE_STRICT_OBJC_MSGSEND = YES;
				ENABLE_TESTABILITY = YES;
				GCC_C_LANGUAGE_STANDARD = gnu11;
				GCC_DYNAMIC_NO_PIC = NO;
				GCC_NO_COMMON_BLOCKS = YES;
				GCC_OPTIMIZATION_LEVEL = 0;
				GCC_PREPROCESSOR_DEFINITIONS = (
					"DEBUG=1",
					"$(inherited)",
				);
				GCC_WARN_64_TO_32_BIT_CONVERSION = YES;
				GCC_WARN_ABOUT_RETURN_TYPE = YES_ERROR;
				GCC_WARN_UNDECLARED_SELECTOR = YES;
				GCC_WARN_UNINITIALIZED_AUTOS = YES_AGGRESSIVE;
				GCC_WARN_UNUSED_FUNCTION = YES;
				GCC_WARN_UNUSED_VARIABLE = YES;
				IPHONEOS_DEPLOYMENT_TARGET = 13.2;
				MTL_ENABLE_DEBUG_INFO = INCLUDE_SOURCE;
				MTL_FAST_MATH = YES;
				ONLY_ACTIVE_ARCH = YES;
				SDKROOT = iphoneos;
				SWIFT_ACTIVE_COMPILATION_CONDITIONS = DEBUG;
				SWIFT_OPTIMIZATION_LEVEL = "-Onone";
			};
			name = Debug;
		};
		A14C745423B2826B004060EC /* Release */ = {
			isa = XCBuildConfiguration;
			buildSettings = {
				ALWAYS_SEARCH_USER_PATHS = NO;
				CLANG_ANALYZER_NONNULL = YES;
				CLANG_ANALYZER_NUMBER_OBJECT_CONVERSION = YES_AGGRESSIVE;
				CLANG_CXX_LANGUAGE_STANDARD = "gnu++14";
				CLANG_CXX_LIBRARY = "libc++";
				CLANG_ENABLE_MODULES = YES;
				CLANG_ENABLE_OBJC_ARC = YES;
				CLANG_ENABLE_OBJC_WEAK = YES;
				CLANG_WARN_BLOCK_CAPTURE_AUTORELEASING = YES;
				CLANG_WARN_BOOL_CONVERSION = YES;
				CLANG_WARN_COMMA = YES;
				CLANG_WARN_CONSTANT_CONVERSION = YES;
				CLANG_WARN_DEPRECATED_OBJC_IMPLEMENTATIONS = YES;
				CLANG_WARN_DIRECT_OBJC_ISA_USAGE = YES_ERROR;
				CLANG_WARN_DOCUMENTATION_COMMENTS = YES;
				CLANG_WARN_EMPTY_BODY = YES;
				CLANG_WARN_ENUM_CONVERSION = YES;
				CLANG_WARN_INFINITE_RECURSION = YES;
				CLANG_WARN_INT_CONVERSION = YES;
				CLANG_WARN_NON_LITERAL_NULL_CONVERSION = YES;
				CLANG_WARN_OBJC_IMPLICIT_RETAIN_SELF = YES;
				CLANG_WARN_OBJC_LITERAL_CONVERSION = YES;
				CLANG_WARN_OBJC_ROOT_CLASS = YES_ERROR;
				CLANG_WARN_RANGE_LOOP_ANALYSIS = YES;
				CLANG_WARN_STRICT_PROTOTYPES = YES;
				CLANG_WARN_SUSPICIOUS_MOVE = YES;
				CLANG_WARN_UNGUARDED_AVAILABILITY = YES_AGGRESSIVE;
				CLANG_WARN_UNREACHABLE_CODE = YES;
				CLANG_WARN__DUPLICATE_METHOD_MATCH = YES;
				COPY_PHASE_STRIP = NO;
				DEBUG_INFORMATION_FORMAT = "dwarf-with-dsym";
				ENABLE_NS_ASSERTIONS = NO;
				ENABLE_STRICT_OBJC_MSGSEND = YES;
				GCC_C_LANGUAGE_STANDARD = gnu11;
				GCC_NO_COMMON_BLOCKS = YES;
				GCC_WARN_64_TO_32_BIT_CONVERSION = YES;
				GCC_WARN_ABOUT_RETURN_TYPE = YES_ERROR;
				GCC_WARN_UNDECLARED_SELECTOR = YES;
				GCC_WARN_UNINITIALIZED_AUTOS = YES_AGGRESSIVE;
				GCC_WARN_UNUSED_FUNCTION = YES;
				GCC_WARN_UNUSED_VARIABLE = YES;
				IPHONEOS_DEPLOYMENT_TARGET = 13.2;
				MTL_ENABLE_DEBUG_INFO = NO;
				MTL_FAST_MATH = YES;
				SDKROOT = iphoneos;
				SWIFT_COMPILATION_MODE = wholemodule;
				SWIFT_OPTIMIZATION_LEVEL = "-O";
				VALIDATE_PRODUCT = YES;
			};
			name = Release;
		};
		A14C745623B2826B004060EC /* Debug */ = {
			isa = XCBuildConfiguration;
			buildSettings = {
				ASSETCATALOG_COMPILER_APPICON_NAME = AppIcon;
				CODE_SIGN_STYLE = Automatic;
				DEVELOPMENT_TEAM = F7L79T2HPQ;
				INFOPLIST_FILE = "Brain Training/Info.plist";
				LD_RUNPATH_SEARCH_PATHS = (
					"$(inherited)",
					"@executable_path/Frameworks",
				);
				PRODUCT_BUNDLE_IDENTIFIER = "com.Andy-Gray.Brain-Training";
				PRODUCT_NAME = "$(TARGET_NAME)";
				SWIFT_VERSION = 5.0;
				TARGETED_DEVICE_FAMILY = "1,2";
			};
			name = Debug;
		};
		A14C745723B2826B004060EC /* Release */ = {
			isa = XCBuildConfiguration;
			buildSettings = {
				ASSETCATALOG_COMPILER_APPICON_NAME = AppIcon;
				CODE_SIGN_STYLE = Automatic;
				DEVELOPMENT_TEAM = F7L79T2HPQ;
				INFOPLIST_FILE = "Brain Training/Info.plist";
				LD_RUNPATH_SEARCH_PATHS = (
					"$(inherited)",
					"@executable_path/Frameworks",
				);
				PRODUCT_BUNDLE_IDENTIFIER = "com.Andy-Gray.Brain-Training";
				PRODUCT_NAME = "$(TARGET_NAME)";
				SWIFT_VERSION = 5.0;
				TARGETED_DEVICE_FAMILY = "1,2";
			};
			name = Release;
		};
/* End XCBuildConfiguration section */

/* Begin XCConfigurationList section */
		A14C743C23B28268004060EC /* Build configuration list for PBXProject "Brain Training" */ = {
			isa = XCConfigurationList;
			buildConfigurations = (
				A14C745323B2826B004060EC /* Debug */,
				A14C745423B2826B004060EC /* Release */,
			);
			defaultConfigurationIsVisible = 0;
			defaultConfigurationName = Release;
		};
		A14C745523B2826B004060EC /* Build configuration list for PBXNativeTarget "Brain Training" */ = {
			isa = XCConfigurationList;
			buildConfigurations = (
				A14C745623B2826B004060EC /* Debug */,
				A14C745723B2826B004060EC /* Release */,
			);
			defaultConfigurationIsVisible = 0;
			defaultConfigurationName = Release;
		};
/* End XCConfigurationList section */
	};
	rootObject = A14C743923B28268004060EC /* Project object */;
}
